
Microsoft Visual Studio Solution File, Format Version 12.00
# Visual Studio Version 17
VisualStudioVersion = 17.9.34701.34
MinimumVisualStudioVersion = 10.0.40219.1
Project("{9A19103F-16F7-4668-BE54-9A1E7A4F7556}") = "MMPluginSDKExample", "MMPluginTest\MMPluginSDKExample.csproj", "{2AE85625-52D4-4766-98C5-28E957EF3AC9}"
EndProject
Global
	GlobalSection(SolutionConfigurationPlatforms) = preSolution
		Debug|Any CPU = Debug|Any CPU
		Release|Any CPU = Release|Any CPU
	EndGlobalSection
	GlobalSection(ProjectConfigurationPlatforms) = postSolution
		{2AE85625-52D4-4766-98C5-28E957EF3AC9}.Debug|Any CPU.ActiveCfg = Debug|Any CPU
		{2AE85625-52D4-4766-98C5-28E957EF3AC9}.Debug|Any CPU.Build.0 = Debug|Any CPU
		{2AE85625-52D4-4766-98C5-28E957EF3AC9}.Release|Any CPU.ActiveCfg = Release|Any CPU
		{2AE85625-52D4-4766-98C5-28E957EF3AC9}.Release|Any CPU.Build.0 = Release|Any CPU
	EndGlobalSection
	GlobalSection(SolutionProperties) = preSolution
		HideSolutionNode = FALSE
	EndGlobalSection
	GlobalSection(ExtensibilityGlobals) = postSolution
		SolutionGuid = {6E16B2B5-7F34-4B39-BBE1-6150EBB816C1}
	EndGlobalSection
EndGlobal
